
Microsoft Visual Studio Solution File, Format Version 12.00
# Visual Studio Version 16
VisualStudioVersion = 16.0.29001.49
MinimumVisualStudioVersion = 10.0.40219.1
Project("{FAE04EC0-301F-11D3-BF4B-00C04F79EFBC}") = "Coding", "Coding\Coding.csproj", "{F4FB8CF4-11EF-4E3D-AC69-420E50F64952}"
EndProject
Global
	GlobalSection(SolutionConfigurationPlatforms) = preSolution
		Debug|Any CPU = Debug|Any CPU
		Release|Any CPU = Release|Any CPU
	EndGlobalSection
	GlobalSection(ProjectConfigurationPlatforms) = postSolution
		{F4FB8CF4-11EF-4E3D-AC69-420E50F64952}.Debug|Any CPU.ActiveCfg = Debug|Any CPU
		{F4FB8CF4-11EF-4E3D-AC69-420E50F64952}.Debug|Any CPU.Build.0 = Debug|Any CPU
		{F4FB8CF4-11EF-4E3D-AC69-420E50F64952}.Release|Any CPU.ActiveCfg = Release|Any CPU
		{F4FB8CF4-11EF-4E3D-AC69-420E50F64952}.Release|Any CPU.Build.0 = Release|Any CPU
	EndGlobalSection
	GlobalSection(SolutionProperties) = preSolution
		HideSolutionNode = FALSE
	EndGlobalSection
	GlobalSection(ExtensibilityGlobals) = postSolution
		SolutionGuid = {CF6BD1C2-BDB5-46C5-91E0-8F436BD4E291}
	EndGlobalSection
EndGlobal
